// !$*UTF8*$!
{
	archiveVersion = 1;
	classes = {
	};
	objectVersion = 46;
	objects = {

/* Begin PBXBuildFile section */
		F6F31DD617CB0927001E2AFC /* UIKit.framework in Frameworks */ = {isa = PBXBuildFile; fileRef = F6F31DD517CB0927001E2AFC /* UIKit.framework */; };
		F6F31DD817CB0927001E2AFC /* Foundation.framework in Frameworks */ = {isa = PBXBuildFile; fileRef = F6F31DD717CB0927001E2AFC /* Foundation.framework */; };
		F6F31DDA17CB0927001E2AFC /* CoreGraphics.framework in Frameworks */ = {isa = PBXBuildFile; fileRef = F6F31DD917CB0927001E2AFC /* CoreGraphics.framework */; };
		F6F31DE017CB0927001E2AFC /* InfoPlist.strings in Resources */ = {isa = PBXBuildFile; fileRef = F6F31DDE17CB0927001E2AFC /* InfoPlist.strings */; };
		F6F31DE217CB0927001E2AFC /* main.m in Sources */ = {isa = PBXBuildFile; fileRef = F6F31DE117CB0927001E2AFC /* main.m */; };
		F6F31DE617CB0927001E2AFC /* AppDelegate.m in Sources */ = {isa = PBXBuildFile; fileRef = F6F31DE517CB0927001E2AFC /* AppDelegate.m */; };
		F6F31DE817CB0927001E2AFC /* Default.png in Resources */ = {isa = PBXBuildFile; fileRef = F6F31DE717CB0927001E2AFC /* Default.png */; };
		F6F31DEA17CB0927001E2AFC /* Default@2x.png in Resources */ = {isa = PBXBuildFile; fileRef = F6F31DE917CB0927001E2AFC /* Default@2x.png */; };
		F6F31DEC17CB0927001E2AFC /* Default-568h@2x.png in Resources */ = {isa = PBXBuildFile; fileRef = F6F31DEB17CB0927001E2AFC /* Default-568h@2x.png */; };
		F6F31DEF17CB0927001E2AFC /* ViewController.m in Sources */ = {isa = PBXBuildFile; fileRef = F6F31DEE17CB0927001E2AFC /* ViewController.m */; };
		F6F31DF217CB0927001E2AFC /* ViewController.xib in Resources */ = {isa = PBXBuildFile; fileRef = F6F31DF017CB0927001E2AFC /* ViewController.xib */; };
		F6F31DFB17CB90DF001E2AFC /* NJBaseOperation.m in Sources */ = {isa = PBXBuildFile; fileRef = F6F31DFA17CB90DF001E2AFC /* NJBaseOperation.m */; };
		F6F31DFE17CB92E7001E2AFC /* NJQueueManager.m in Sources */ = {isa = PBXBuildFile; fileRef = F6F31DFD17CB92E7001E2AFC /* NJQueueManager.m */; };
		F6F31E0117CBAC76001E2AFC /* NJLocationOperation.m in Sources */ = {isa = PBXBuildFile; fileRef = F6F31E0017CBAC76001E2AFC /* NJLocationOperation.m */; };
		F6F31E0417CBACA7001E2AFC /* CoreLocation.framework in Frameworks */ = {isa = PBXBuildFile; fileRef = F6F31E0217CBAC99001E2AFC /* CoreLocation.framework */; };
/* End PBXBuildFile section */

/* Begin PBXFileReference section */
		F6F31DD217CB0927001E2AFC /* CLBackground.app */ = {isa = PBXFileReference; explicitFileType = wrapper.application; includeInIndex = 0; path = CLBackground.app; sourceTree = BUILT_PRODUCTS_DIR; };
		F6F31DD517CB0927001E2AFC /* UIKit.framework */ = {isa = PBXFileReference; lastKnownFileType = wrapper.framework; name = UIKit.framework; path = System/Library/Frameworks/UIKit.framework; sourceTree = SDKROOT; };
		F6F31DD717CB0927001E2AFC /* Foundation.framework */ = {isa = PBXFileReference; lastKnownFileType = wrapper.framework; name = Foundation.framework; path = System/Library/Frameworks/Foundation.framework; sourceTree = SDKROOT; };
		F6F31DD917CB0927001E2AFC /* CoreGraphics.framework */ = {isa = PBXFileReference; lastKnownFileType = wrapper.framework; name = CoreGraphics.framework; path = System/Library/Frameworks/CoreGraphics.framework; sourceTree = SDKROOT; };
		F6F31DDD17CB0927001E2AFC /* CLBackground-Info.plist */ = {isa = PBXFileReference; lastKnownFileType = text.plist.xml; path = "CLBackground-Info.plist"; sourceTree = "<group>"; };
		F6F31DDF17CB0927001E2AFC /* en */ = {isa = PBXFileReference; lastKnownFileType = text.plist.strings; name = en; path = en.lproj/InfoPlist.strings; sourceTree = "<group>"; };
		F6F31DE117CB0927001E2AFC /* main.m */ = {isa = PBXFileReference; lastKnownFileType = sourcecode.c.objc; path = main.m; sourceTree = "<group>"; };
		F6F31DE317CB0927001E2AFC /* CLBackground-Prefix.pch */ = {isa = PBXFileReference; lastKnownFileType = sourcecode.c.h; path = "CLBackground-Prefix.pch"; sourceTree = "<group>"; };
		F6F31DE417CB0927001E2AFC /* AppDelegate.h */ = {isa = PBXFileReference; lastKnownFileType = sourcecode.c.h; path = AppDelegate.h; sourceTree = "<group>"; };
		F6F31DE517CB0927001E2AFC /* AppDelegate.m */ = {isa = PBXFileReference; lastKnownFileType = sourcecode.c.objc; path = AppDelegate.m; sourceTree = "<group>"; };
		F6F31DE717CB0927001E2AFC /* Default.png */ = {isa = PBXFileReference; lastKnownFileType = image.png; path = Default.png; sourceTree = "<group>"; };
		F6F31DE917CB0927001E2AFC /* Default@2x.png */ = {isa = PBXFileReference; lastKnownFileType = image.png; path = "Default@2x.png"; sourceTree = "<group>"; };
		F6F31DEB17CB0927001E2AFC /* Default-568h@2x.png */ = {isa = PBXFileReference; lastKnownFileType = image.png; path = "Default-568h@2x.png"; sourceTree = "<group>"; };
		F6F31DED17CB0927001E2AFC /* ViewController.h */ = {isa = PBXFileReference; lastKnownFileType = sourcecode.c.h; path = ViewController.h; sourceTree = "<group>"; };
		F6F31DEE17CB0927001E2AFC /* ViewController.m */ = {isa = PBXFileReference; lastKnownFileType = sourcecode.c.objc; path = ViewController.m; sourceTree = "<group>"; };
		F6F31DF117CB0927001E2AFC /* en */ = {isa = PBXFileReference; lastKnownFileType = file.xib; name = en; path = en.lproj/ViewController.xib; sourceTree = "<group>"; };
		F6F31DF917CB90DF001E2AFC /* NJBaseOperation.h */ = {isa = PBXFileReference; fileEncoding = 4; lastKnownFileType = sourcecode.c.h; path = NJBaseOperation.h; sourceTree = "<group>"; };
		F6F31DFA17CB90DF001E2AFC /* NJBaseOperation.m */ = {isa = PBXFileReference; fileEncoding = 4; lastKnownFileType = sourcecode.c.objc; path = NJBaseOperation.m; sourceTree = "<group>"; };
		F6F31DFC17CB92E7001E2AFC /* NJQueueManager.h */ = {isa = PBXFileReference; fileEncoding = 4; lastKnownFileType = sourcecode.c.h; path = NJQueueManager.h; sourceTree = "<group>"; };
		F6F31DFD17CB92E7001E2AFC /* NJQueueManager.m */ = {isa = PBXFileReference; fileEncoding = 4; lastKnownFileType = sourcecode.c.objc; path = NJQueueManager.m; sourceTree = "<group>"; };
		F6F31DFF17CBAC76001E2AFC /* NJLocationOperation.h */ = {isa = PBXFileReference; fileEncoding = 4; lastKnownFileType = sourcecode.c.h; path = NJLocationOperation.h; sourceTree = "<group>"; };
		F6F31E0017CBAC76001E2AFC /* NJLocationOperation.m */ = {isa = PBXFileReference; fileEncoding = 4; lastKnownFileType = sourcecode.c.objc; path = NJLocationOperation.m; sourceTree = "<group>"; };
		F6F31E0217CBAC99001E2AFC /* CoreLocation.framework */ = {isa = PBXFileReference; lastKnownFileType = wrapper.framework; name = CoreLocation.framework; path = System/Library/Frameworks/CoreLocation.framework; sourceTree = SDKROOT; };
/* End PBXFileReference section */

/* Begin PBXFrameworksBuildPhase section */
		F6F31DCF17CB0927001E2AFC /* Frameworks */ = {
			isa = PBXFrameworksBuildPhase;
			buildActionMask = 2147483647;
			files = (
				F6F31E0417CBACA7001E2AFC /* CoreLocation.framework in Frameworks */,
				F6F31DD617CB0927001E2AFC /* UIKit.framework in Frameworks */,
				F6F31DD817CB0927001E2AFC /* Foundation.framework in Frameworks */,
				F6F31DDA17CB0927001E2AFC /* CoreGraphics.framework in Frameworks */,
			);
			runOnlyForDeploymentPostprocessing = 0;
		};
/* End PBXFrameworksBuildPhase section */

/* Begin PBXGroup section */
		F6F31DC917CB0927001E2AFC = {
			isa = PBXGroup;
			children = (
				F6F31DDB17CB0927001E2AFC /* CLBackground */,
				F6F31DD417CB0927001E2AFC /* Frameworks */,
				F6F31DD317CB0927001E2AFC /* Products */,
			);
			sourceTree = "<group>";
		};
		F6F31DD317CB0927001E2AFC /* Products */ = {
			isa = PBXGroup;
			children = (
				F6F31DD217CB0927001E2AFC /* CLBackground.app */,
			);
			name = Products;
			sourceTree = "<group>";
		};
		F6F31DD417CB0927001E2AFC /* Frameworks */ = {
			isa = PBXGroup;
			children = (
				F6F31E0217CBAC99001E2AFC /* CoreLocation.framework */,
				F6F31DD517CB0927001E2AFC /* UIKit.framework */,
				F6F31DD717CB0927001E2AFC /* Foundation.framework */,
				F6F31DD917CB0927001E2AFC /* CoreGraphics.framework */,
			);
			name = Frameworks;
			sourceTree = "<group>";
		};
		F6F31DDB17CB0927001E2AFC /* CLBackground */ = {
			isa = PBXGroup;
			children = (
				F6F31DF817CB9051001E2AFC /* Model */,
				F6F31DE417CB0927001E2AFC /* AppDelegate.h */,
				F6F31DE517CB0927001E2AFC /* AppDelegate.m */,
				F6F31DED17CB0927001E2AFC /* ViewController.h */,
				F6F31DEE17CB0927001E2AFC /* ViewController.m */,
				F6F31DF017CB0927001E2AFC /* ViewController.xib */,
				F6F31DDC17CB0927001E2AFC /* Supporting Files */,
			);
			path = CLBackground;
			sourceTree = "<group>";
		};
		F6F31DDC17CB0927001E2AFC /* Supporting Files */ = {
			isa = PBXGroup;
			children = (
				F6F31DDD17CB0927001E2AFC /* CLBackground-Info.plist */,
				F6F31DDE17CB0927001E2AFC /* InfoPlist.strings */,
				F6F31DE117CB0927001E2AFC /* main.m */,
				F6F31DE317CB0927001E2AFC /* CLBackground-Prefix.pch */,
				F6F31DE717CB0927001E2AFC /* Default.png */,
				F6F31DE917CB0927001E2AFC /* Default@2x.png */,
				F6F31DEB17CB0927001E2AFC /* Default-568h@2x.png */,
			);
			name = "Supporting Files";
			sourceTree = "<group>";
		};
		F6F31DF817CB9051001E2AFC /* Model */ = {
			isa = PBXGroup;
			children = (
				F6F31DFC17CB92E7001E2AFC /* NJQueueManager.h */,
				F6F31DFD17CB92E7001E2AFC /* NJQueueManager.m */,
				F6F31DF917CB90DF001E2AFC /* NJBaseOperation.h */,
				F6F31DFA17CB90DF001E2AFC /* NJBaseOperation.m */,
				F6F31DFF17CBAC76001E2AFC /* NJLocationOperation.h */,
				F6F31E0017CBAC76001E2AFC /* NJLocationOperation.m */,
			);
			name = Model;
			sourceTree = "<group>";
		};
/* End PBXGroup section */

/* Begin PBXNativeTarget section */
		F6F31DD117CB0927001E2AFC /* CLBackground */ = {
			isa = PBXNativeTarget;
			buildConfigurationList = F6F31DF517CB0927001E2AFC /* Build configuration list for PBXNativeTarget "CLBackground" */;
			buildPhases = (
				F6F31DCE17CB0927001E2AFC /* Sources */,
				F6F31DCF17CB0927001E2AFC /* Frameworks */,
				F6F31DD017CB0927001E2AFC /* Resources */,
			);
			buildRules = (
			);
			dependencies = (
			);
			name = CLBackground;
			productName = CLBackground;
			productReference = F6F31DD217CB0927001E2AFC /* CLBackground.app */;
			productType = "com.apple.product-type.application";
		};
/* End PBXNativeTarget section */

/* Begin PBXProject section */
		F6F31DCA17CB0927001E2AFC /* Project object */ = {
			isa = PBXProject;
			attributes = {
				LastUpgradeCheck = 0460;
				ORGANIZATIONNAME = "Nathan Jones";
			};
			buildConfigurationList = F6F31DCD17CB0927001E2AFC /* Build configuration list for PBXProject "CLBackground" */;
			compatibilityVersion = "Xcode 3.2";
			developmentRegion = English;
			hasScannedForEncodings = 0;
			knownRegions = (
				en,
			);
			mainGroup = F6F31DC917CB0927001E2AFC;
			productRefGroup = F6F31DD317CB0927001E2AFC /* Products */;
			projectDirPath = "";
			projectRoot = "";
			targets = (
				F6F31DD117CB0927001E2AFC /* CLBackground */,
			);
		};
/* End PBXProject section */

/* Begin PBXResourcesBuildPhase section */
		F6F31DD017CB0927001E2AFC /* Resources */ = {
			isa = PBXResourcesBuildPhase;
			buildActionMask = 2147483647;
			files = (
				F6F31DE017CB0927001E2AFC /* InfoPlist.strings in Resources */,
				F6F31DE817CB0927001E2AFC /* Default.png in Resources */,
				F6F31DEA17CB0927001E2AFC /* Default@2x.png in Resources */,
				F6F31DEC17CB0927001E2AFC /* Default-568h@2x.png in Resources */,
				F6F31DF217CB0927001E2AFC /* ViewController.xib in Resources */,
			);
			runOnlyForDeploymentPostprocessing = 0;
		};
/* End PBXResourcesBuildPhase section */

/* Begin PBXSourcesBuildPhase section */
		F6F31DCE17CB0927001E2AFC /* Sources */ = {
			isa = PBXSourcesBuildPhase;
			buildActionMask = 2147483647;
			files = (
				F6F31DE217CB0927001E2AFC /* main.m in Sources */,
				F6F31DE617CB0927001E2AFC /* AppDelegate.m in Sources */,
				F6F31DEF17CB0927001E2AFC /* ViewController.m in Sources */,
				F6F31DFB17CB90DF001E2AFC /* NJBaseOperation.m in Sources */,
				F6F31DFE17CB92E7001E2AFC /* NJQueueManager.m in Sources */,
				F6F31E0117CBAC76001E2AFC /* NJLocationOperation.m in Sources */,
			);
			runOnlyForDeploymentPostprocessing = 0;
		};
/* End PBXSourcesBuildPhase section */

/* Begin PBXVariantGroup section */
		F6F31DDE17CB0927001E2AFC /* InfoPlist.strings */ = {
			isa = PBXVariantGroup;
			children = (
				F6F31DDF17CB0927001E2AFC /* en */,
			);
			name = InfoPlist.strings;
			sourceTree = "<group>";
		};
		F6F31DF017CB0927001E2AFC /* ViewController.xib */ = {
			isa = PBXVariantGroup;
			children = (
				F6F31DF117CB0927001E2AFC /* en */,
			);
			name = ViewController.xib;
			sourceTree = "<group>";
		};
/* End PBXVariantGroup section */

/* Begin XCBuildConfiguration section */
		F6F31DF317CB0927001E2AFC /* Debug */ = {
			isa = XCBuildConfiguration;
			buildSettings = {
				ALWAYS_SEARCH_USER_PATHS = NO;
				CLANG_CXX_LANGUAGE_STANDARD = "gnu++0x";
				CLANG_CXX_LIBRARY = "libc++";
				CLANG_ENABLE_OBJC_ARC = YES;
				CLANG_WARN_CONSTANT_CONVERSION = YES;
				CLANG_WARN_EMPTY_BODY = YES;
				CLANG_WARN_ENUM_CONVERSION = YES;
				CLANG_WARN_INT_CONVERSION = YES;
				CLANG_WARN__DUPLICATE_METHOD_MATCH = YES;
				"CODE_SIGN_IDENTITY[sdk=iphoneos*]" = "iPhone Developer";
				COPY_PHASE_STRIP = NO;
				GCC_C_LANGUAGE_STANDARD = gnu99;
				GCC_DYNAMIC_NO_PIC = NO;
				GCC_OPTIMIZATION_LEVEL = 0;
				GCC_PREPROCESSOR_DEFINITIONS = (
					"DEBUG=1",
					"$(inherited)",
				);
				GCC_SYMBOLS_PRIVATE_EXTERN = NO;
				GCC_WARN_ABOUT_RETURN_TYPE = YES;
				GCC_WARN_UNINITIALIZED_AUTOS = YES;
				GCC_WARN_UNUSED_VARIABLE = YES;
				IPHONEOS_DEPLOYMENT_TARGET = 6.1;
				ONLY_ACTIVE_ARCH = YES;
				SDKROOT = iphoneos;
			};
			name = Debug;
		};
		F6F31DF417CB0927001E2AFC /* Release */ = {
			isa = XCBuildConfiguration;
			buildSettings = {
				ALWAYS_SEARCH_USER_PATHS = NO;
				CLANG_CXX_LANGUAGE_STANDARD = "gnu++0x";
				CLANG_CXX_LIBRARY = "libc++";
				CLANG_ENABLE_OBJC_ARC = YES;
				CLANG_WARN_CONSTANT_CONVERSION = YES;
				CLANG_WARN_EMPTY_BODY = YES;
				CLANG_WARN_ENUM_CONVERSION = YES;
				CLANG_WARN_INT_CONVERSION = YES;
				CLANG_WARN__DUPLICATE_METHOD_MATCH = YES;
				"CODE_SIGN_IDENTITY[sdk=iphoneos*]" = "iPhone Developer";
				COPY_PHASE_STRIP = YES;
				GCC_C_LANGUAGE_STANDARD = gnu99;
				GCC_WARN_ABOUT_RETURN_TYPE = YES;
				GCC_WARN_UNINITIALIZED_AUTOS = YES;
				GCC_WARN_UNUSED_VARIABLE = YES;
				IPHONEOS_DEPLOYMENT_TARGET = 6.1;
				OTHER_CFLAGS = "-DNS_BLOCK_ASSERTIONS=1";
				SDKROOT = iphoneos;
				VALIDATE_PRODUCT = YES;
			};
			name = Release;
		};
		F6F31DF617CB0927001E2AFC /* Debug */ = {
			isa = XCBuildConfiguration;
			buildSettings = {
				GCC_PRECOMPILE_PREFIX_HEADER = YES;
				GCC_PREFIX_HEADER = "CLBackground/CLBackground-Prefix.pch";
				INFOPLIST_FILE = "CLBackground/CLBackground-Info.plist";
				PRODUCT_NAME = "$(TARGET_NAME)";
				WRAPPER_EXTENSION = app;
			};
			name = Debug;
		};
		F6F31DF717CB0927001E2AFC /* Release */ = {
			isa = XCBuildConfiguration;
			buildSettings = {
				GCC_PRECOMPILE_PREFIX_HEADER = YES;
				GCC_PREFIX_HEADER = "CLBackground/CLBackground-Prefix.pch";
				INFOPLIST_FILE = "CLBackground/CLBackground-Info.plist";
				PRODUCT_NAME = "$(TARGET_NAME)";
				WRAPPER_EXTENSION = app;
			};
			name = Release;
		};
/* End XCBuildConfiguration section */

/* Begin XCConfigurationList section */
		F6F31DCD17CB0927001E2AFC /* Build configuration list for PBXProject "CLBackground" */ = {
			isa = XCConfigurationList;
			buildConfigurations = (
				F6F31DF317CB0927001E2AFC /* Debug */,
				F6F31DF417CB0927001E2AFC /* Release */,
			);
			defaultConfigurationIsVisible = 0;
			defaultConfigurationName = Release;
		};
		F6F31DF517CB0927001E2AFC /* Build configuration list for PBXNativeTarget "CLBackground" */ = {
			isa = XCConfigurationList;
			buildConfigurations = (
				F6F31DF617CB0927001E2AFC /* Debug */,
				F6F31DF717CB0927001E2AFC /* Release */,
			);
			defaultConfigurationIsVisible = 0;
		};
/* End XCConfigurationList section */
	};
	rootObject = F6F31DCA17CB0927001E2AFC /* Project object */;
}
